
Microsoft Visual Studio Solution File, Format Version 12.00
# Visual Studio 14
VisualStudioVersion = 14.0.25420.1
MinimumVisualStudioVersion = 10.0.40219.1
Project("{FAE04EC0-301F-11D3-BF4B-00C04F79EFBC}") = "GradeBook", "GradeBook\GradeBook.csproj", "{F13082AF-1003-49BD-82AB-245ED5544966}"
EndProject
Project("{FAE04EC0-301F-11D3-BF4B-00C04F79EFBC}") = "GradeBook.Specs", "GradeBook.Specs\GradeBook.Specs.csproj", "{6D00100C-1DF2-4F27-9234-2422171272AA}"
EndProject
Global
	GlobalSection(SolutionConfigurationPlatforms) = preSolution
		Debug|Any CPU = Debug|Any CPU
		Release|Any CPU = Release|Any CPU
	EndGlobalSection
	GlobalSection(ProjectConfigurationPlatforms) = postSolution
		{F13082AF-1003-49BD-82AB-245ED5544966}.Debug|Any CPU.ActiveCfg = Debug|Any CPU
		{F13082AF-1003-49BD-82AB-245ED5544966}.Debug|Any CPU.Build.0 = Debug|Any CPU
		{F13082AF-1003-49BD-82AB-245ED5544966}.Release|Any CPU.ActiveCfg = Release|Any CPU
		{F13082AF-1003-49BD-82AB-245ED5544966}.Release|Any CPU.Build.0 = Release|Any CPU
		{6D00100C-1DF2-4F27-9234-2422171272AA}.Debug|Any CPU.ActiveCfg = Debug|Any CPU
		{6D00100C-1DF2-4F27-9234-2422171272AA}.Debug|Any CPU.Build.0 = Debug|Any CPU
		{6D00100C-1DF2-4F27-9234-2422171272AA}.Release|Any CPU.ActiveCfg = Release|Any CPU
		{6D00100C-1DF2-4F27-9234-2422171272AA}.Release|Any CPU.Build.0 = Release|Any CPU
	EndGlobalSection
	GlobalSection(SolutionProperties) = preSolution
		HideSolutionNode = FALSE
	EndGlobalSection
EndGlobal
